// !$*UTF8*$!
{
	archiveVersion = 1;
	classes = {
	};
	objectVersion = 50;
	objects = {

/* Begin PBXBuildFile section */
		6F0C27A74CC1DC073E4D5617 /* libPods-YXBaseProject.a in Frameworks */ = {isa = PBXBuildFile; fileRef = 827CCA7C62B1019704CF98ED /* libPods-YXBaseProject.a */; };
		A6BDEE8C229F6FD2002CD7F7 /* UIView+Extension.m in Sources */ = {isa = PBXBuildFile; fileRef = A6BDEE76229F6FD1002CD7F7 /* UIView+Extension.m */; };
		A6BDEE8D229F6FD2002CD7F7 /* YXWeakScriptMessageDelegate.m in Sources */ = {isa = PBXBuildFile; fileRef = A6BDEE77229F6FD1002CD7F7 /* YXWeakScriptMessageDelegate.m */; };
		A6BDEE8E229F6FD2002CD7F7 /* YXWebViewController.m in Sources */ = {isa = PBXBuildFile; fileRef = A6BDEE79229F6FD1002CD7F7 /* YXWebViewController.m */; };
		A6BDEE90229F6FD2002CD7F7 /* MyControl.m in Sources */ = {isa = PBXBuildFile; fileRef = A6BDEE7E229F6FD1002CD7F7 /* MyControl.m */; };
		A6BDEE91229F6FD2002CD7F7 /* BaseViewController.m in Sources */ = {isa = PBXBuildFile; fileRef = A6BDEE7F229F6FD1002CD7F7 /* BaseViewController.m */; };
		A6BDEE92229F6FD2002CD7F7 /* YXBaseTableViewController.m in Sources */ = {isa = PBXBuildFile; fileRef = A6BDEE82229F6FD1002CD7F7 /* YXBaseTableViewController.m */; };
		A6BDEE93229F6FD2002CD7F7 /* YXBaseModel.m in Sources */ = {isa = PBXBuildFile; fileRef = A6BDEE84229F6FD1002CD7F7 /* YXBaseModel.m */; };
		A6BDEE94229F6FD2002CD7F7 /* YXBaseVC.bundle in Resources */ = {isa = PBXBuildFile; fileRef = A6BDEE85229F6FD1002CD7F7 /* YXBaseVC.bundle */; };
		A6BDEE95229F6FD2002CD7F7 /* YXBaseDetailViewController.m in Sources */ = {isa = PBXBuildFile; fileRef = A6BDEE87229F6FD2002CD7F7 /* YXBaseDetailViewController.m */; };
		A6BDEE96229F6FD2002CD7F7 /* NavigationViewController.m in Sources */ = {isa = PBXBuildFile; fileRef = A6BDEE89229F6FD2002CD7F7 /* NavigationViewController.m */; };
		A6F22122228BFAEB0099127F /* AppDelegate.m in Sources */ = {isa = PBXBuildFile; fileRef = A6F22121228BFAEB0099127F /* AppDelegate.m */; };
		A6F22125228BFAEB0099127F /* ViewController.m in Sources */ = {isa = PBXBuildFile; fileRef = A6F22124228BFAEB0099127F /* ViewController.m */; };
		A6F22128228BFAEB0099127F /* Main.storyboard in Resources */ = {isa = PBXBuildFile; fileRef = A6F22126228BFAEB0099127F /* Main.storyboard */; };
		A6F2212A228BFAED0099127F /* Assets.xcassets in Resources */ = {isa = PBXBuildFile; fileRef = A6F22129228BFAED0099127F /* Assets.xcassets */; };
		A6F2212D228BFAED0099127F /* LaunchScreen.storyboard in Resources */ = {isa = PBXBuildFile; fileRef = A6F2212B228BFAED0099127F /* LaunchScreen.storyboard */; };
		A6F22130228BFAED0099127F /* main.m in Sources */ = {isa = PBXBuildFile; fileRef = A6F2212F228BFAED0099127F /* main.m */; };
		A6F2213A228BFAED0099127F /* YXBaseProjectTests.m in Sources */ = {isa = PBXBuildFile; fileRef = A6F22139228BFAED0099127F /* YXBaseProjectTests.m */; };
		A6F22145228BFAED0099127F /* YXBaseProjectUITests.m in Sources */ = {isa = PBXBuildFile; fileRef = A6F22144228BFAED0099127F /* YXBaseProjectUITests.m */; };
		A6F22183228C03080099127F /* YXNewWebViewController.m in Sources */ = {isa = PBXBuildFile; fileRef = A6F22182228C03080099127F /* YXNewWebViewController.m */; };
/* End PBXBuildFile section */

/* Begin PBXContainerItemProxy section */
		A6F22136228BFAED0099127F /* PBXContainerItemProxy */ = {
			isa = PBXContainerItemProxy;
			containerPortal = A6F22115228BFAEB0099127F /* Project object */;
			proxyType = 1;
			remoteGlobalIDString = A6F2211C228BFAEB0099127F;
			remoteInfo = YXBaseProject;
		};
		A6F22141228BFAED0099127F /* PBXContainerItemProxy */ = {
			isa = PBXContainerItemProxy;
			containerPortal = A6F22115228BFAEB0099127F /* Project object */;
			proxyType = 1;
			remoteGlobalIDString = A6F2211C228BFAEB0099127F;
			remoteInfo = YXBaseProject;
		};
/* End PBXContainerItemProxy section */

/* Begin PBXFileReference section */
		43E840A0D904850AAA2F1689 /* Pods-YXBaseProject.debug.xcconfig */ = {isa = PBXFileReference; includeInIndex = 1; lastKnownFileType = text.xcconfig; name = "Pods-YXBaseProject.debug.xcconfig"; path = "Target Support Files/Pods-YXBaseProject/Pods-YXBaseProject.debug.xcconfig"; sourceTree = "<group>"; };
		5A17C9F72ACA091BED9C5D0C /* Pods-YXBaseProject.release.xcconfig */ = {isa = PBXFileReference; includeInIndex = 1; lastKnownFileType = text.xcconfig; name = "Pods-YXBaseProject.release.xcconfig"; path = "Target Support Files/Pods-YXBaseProject/Pods-YXBaseProject.release.xcconfig"; sourceTree = "<group>"; };
		827CCA7C62B1019704CF98ED /* libPods-YXBaseProject.a */ = {isa = PBXFileReference; explicitFileType = archive.ar; includeInIndex = 0; path = "libPods-YXBaseProject.a"; sourceTree = BUILT_PRODUCTS_DIR; };
		A6BDEE75229F6FD1002CD7F7 /* UIView+Extension.h */ = {isa = PBXFileReference; fileEncoding = 4; lastKnownFileType = sourcecode.c.h; path = "UIView+Extension.h"; sourceTree = "<group>"; };
		A6BDEE76229F6FD1002CD7F7 /* UIView+Extension.m */ = {isa = PBXFileReference; fileEncoding = 4; lastKnownFileType = sourcecode.c.objc; path = "UIView+Extension.m"; sourceTree = "<group>"; };
		A6BDEE77229F6FD1002CD7F7 /* YXWeakScriptMessageDelegate.m */ = {isa = PBXFileReference; fileEncoding = 4; lastKnownFileType = sourcecode.c.objc; path = YXWeakScriptMessageDelegate.m; sourceTree = "<group>"; };
		A6BDEE78229F6FD1002CD7F7 /* YXBaseTableViewController.h */ = {isa = PBXFileReference; fileEncoding = 4; lastKnownFileType = sourcecode.c.h; path = YXBaseTableViewController.h; sourceTree = "<group>"; };
		A6BDEE79229F6FD1002CD7F7 /* YXWebViewController.m */ = {isa = PBXFileReference; fileEncoding = 4; lastKnownFileType = sourcecode.c.objc; path = YXWebViewController.m; sourceTree = "<group>"; };
		A6BDEE7B229F6FD1002CD7F7 /* MyControl.h */ = {isa = PBXFileReference; fileEncoding = 4; lastKnownFileType = sourcecode.c.h; path = MyControl.h; sourceTree = "<group>"; };
		A6BDEE7E229F6FD1002CD7F7 /* MyControl.m */ = {isa = PBXFileReference; fileEncoding = 4; lastKnownFileType = sourcecode.c.objc; path = MyControl.m; sourceTree = "<group>"; };
		A6BDEE7F229F6FD1002CD7F7 /* BaseViewController.m */ = {isa = PBXFileReference; fileEncoding = 4; lastKnownFileType = sourcecode.c.objc; path = BaseViewController.m; sourceTree = "<group>"; };
		A6BDEE80229F6FD1002CD7F7 /* YXWebViewController.h */ = {isa = PBXFileReference; fileEncoding = 4; lastKnownFileType = sourcecode.c.h; path = YXWebViewController.h; sourceTree = "<group>"; };
		A6BDEE81229F6FD1002CD7F7 /* YXBaseDetailViewController.h */ = {isa = PBXFileReference; fileEncoding = 4; lastKnownFileType = sourcecode.c.h; path = YXBaseDetailViewController.h; sourceTree = "<group>"; };
		A6BDEE82229F6FD1002CD7F7 /* YXBaseTableViewController.m */ = {isa = PBXFileReference; fileEncoding = 4; lastKnownFileType = sourcecode.c.objc; path = YXBaseTableViewController.m; sourceTree = "<group>"; };
		A6BDEE83229F6FD1002CD7F7 /* YXBaseVCHeader.h */ = {isa = PBXFileReference; fileEncoding = 4; lastKnownFileType = sourcecode.c.h; path = YXBaseVCHeader.h; sourceTree = "<group>"; };
		A6BDEE84229F6FD1002CD7F7 /* YXBaseModel.m */ = {isa = PBXFileReference; fileEncoding = 4; lastKnownFileType = sourcecode.c.objc; path = YXBaseModel.m; sourceTree = "<group>"; };
		A6BDEE85229F6FD1002CD7F7 /* YXBaseVC.bundle */ = {isa = PBXFileReference; lastKnownFileType = "wrapper.plug-in"; path = YXBaseVC.bundle; sourceTree = "<group>"; };
		A6BDEE86229F6FD1002CD7F7 /* NavigationViewController.h */ = {isa = PBXFileReference; fileEncoding = 4; lastKnownFileType = sourcecode.c.h; path = NavigationViewController.h; sourceTree = "<group>"; };
		A6BDEE87229F6FD2002CD7F7 /* YXBaseDetailViewController.m */ = {isa = PBXFileReference; fileEncoding = 4; lastKnownFileType = sourcecode.c.objc; path = YXBaseDetailViewController.m; sourceTree = "<group>"; };
		A6BDEE88229F6FD2002CD7F7 /* BaseViewController.h */ = {isa = PBXFileReference; fileEncoding = 4; lastKnownFileType = sourcecode.c.h; path = BaseViewController.h; sourceTree = "<group>"; };
		A6BDEE89229F6FD2002CD7F7 /* NavigationViewController.m */ = {isa = PBXFileReference; fileEncoding = 4; lastKnownFileType = sourcecode.c.objc; path = NavigationViewController.m; sourceTree = "<group>"; };
		A6BDEE8A229F6FD2002CD7F7 /* YXBaseModel.h */ = {isa = PBXFileReference; fileEncoding = 4; lastKnownFileType = sourcecode.c.h; path = YXBaseModel.h; sourceTree = "<group>"; };
		A6BDEE8B229F6FD2002CD7F7 /* YXWeakScriptMessageDelegate.h */ = {isa = PBXFileReference; fileEncoding = 4; lastKnownFileType = sourcecode.c.h; path = YXWeakScriptMessageDelegate.h; sourceTree = "<group>"; };
		A6F2211D228BFAEB0099127F /* YXBaseProject.app */ = {isa = PBXFileReference; explicitFileType = wrapper.application; includeInIndex = 0; path = YXBaseProject.app; sourceTree = BUILT_PRODUCTS_DIR; };
		A6F22120228BFAEB0099127F /* AppDelegate.h */ = {isa = PBXFileReference; lastKnownFileType = sourcecode.c.h; path = AppDelegate.h; sourceTree = "<group>"; };
		A6F22121228BFAEB0099127F /* AppDelegate.m */ = {isa = PBXFileReference; lastKnownFileType = sourcecode.c.objc; path = AppDelegate.m; sourceTree = "<group>"; };
		A6F22123228BFAEB0099127F /* ViewController.h */ = {isa = PBXFileReference; lastKnownFileType = sourcecode.c.h; path = ViewController.h; sourceTree = "<group>"; };
		A6F22124228BFAEB0099127F /* ViewController.m */ = {isa = PBXFileReference; lastKnownFileType = sourcecode.c.objc; path = ViewController.m; sourceTree = "<group>"; };
		A6F22127228BFAEB0099127F /* Base */ = {isa = PBXFileReference; lastKnownFileType = file.storyboard; name = Base; path = Base.lproj/Main.storyboard; sourceTree = "<group>"; };
		A6F22129228BFAED0099127F /* Assets.xcassets */ = {isa = PBXFileReference; lastKnownFileType = folder.assetcatalog; path = Assets.xcassets; sourceTree = "<group>"; };
		A6F2212C228BFAED0099127F /* Base */ = {isa = PBXFileReference; lastKnownFileType = file.storyboard; name = Base; path = Base.lproj/LaunchScreen.storyboard; sourceTree = "<group>"; };
		A6F2212E228BFAED0099127F /* Info.plist */ = {isa = PBXFileReference; lastKnownFileType = text.plist.xml; path = Info.plist; sourceTree = "<group>"; };
		A6F2212F228BFAED0099127F /* main.m */ = {isa = PBXFileReference; lastKnownFileType = sourcecode.c.objc; path = main.m; sourceTree = "<group>"; };
		A6F22135228BFAED0099127F /* YXBaseProjectTests.xctest */ = {isa = PBXFileReference; explicitFileType = wrapper.cfbundle; includeInIndex = 0; path = YXBaseProjectTests.xctest; sourceTree = BUILT_PRODUCTS_DIR; };
		A6F22139228BFAED0099127F /* YXBaseProjectTests.m */ = {isa = PBXFileReference; lastKnownFileType = sourcecode.c.objc; path = YXBaseProjectTests.m; sourceTree = "<group>"; };
		A6F2213B228BFAED0099127F /* Info.plist */ = {isa = PBXFileReference; lastKnownFileType = text.plist.xml; path = Info.plist; sourceTree = "<group>"; };
		A6F22140228BFAED0099127F /* YXBaseProjectUITests.xctest */ = {isa = PBXFileReference; explicitFileType = wrapper.cfbundle; includeInIndex = 0; path = YXBaseProjectUITests.xctest; sourceTree = BUILT_PRODUCTS_DIR; };
		A6F22144228BFAED0099127F /* YXBaseProjectUITests.m */ = {isa = PBXFileReference; lastKnownFileType = sourcecode.c.objc; path = YXBaseProjectUITests.m; sourceTree = "<group>"; };
		A6F22146228BFAED0099127F /* Info.plist */ = {isa = PBXFileReference; lastKnownFileType = text.plist.xml; path = Info.plist; sourceTree = "<group>"; };
		A6F22181228C03080099127F /* YXNewWebViewController.h */ = {isa = PBXFileReference; lastKnownFileType = sourcecode.c.h; path = YXNewWebViewController.h; sourceTree = "<group>"; };
		A6F22182228C03080099127F /* YXNewWebViewController.m */ = {isa = PBXFileReference; lastKnownFileType = sourcecode.c.objc; path = YXNewWebViewController.m; sourceTree = "<group>"; };
/* End PBXFileReference section */

/* Begin PBXFrameworksBuildPhase section */
		A6F2211A228BFAEB0099127F /* Frameworks */ = {
			isa = PBXFrameworksBuildPhase;
			buildActionMask = 2147483647;
			files = (
				6F0C27A74CC1DC073E4D5617 /* libPods-YXBaseProject.a in Frameworks */,
			);
			runOnlyForDeploymentPostprocessing = 0;
		};
		A6F22132228BFAED0099127F /* Frameworks */ = {
			isa = PBXFrameworksBuildPhase;
			buildActionMask = 2147483647;
			files = (
			);
			runOnlyForDeploymentPostprocessing = 0;
		};
		A6F2213D228BFAED0099127F /* Frameworks */ = {
			isa = PBXFrameworksBuildPhase;
			buildActionMask = 2147483647;
			files = (
			);
			runOnlyForDeploymentPostprocessing = 0;
		};
/* End PBXFrameworksBuildPhase section */

/* Begin PBXGroup section */
		203706BE3E6A86DE9A39E606 /* Frameworks */ = {
			isa = PBXGroup;
			children = (
				827CCA7C62B1019704CF98ED /* libPods-YXBaseProject.a */,
			);
			name = Frameworks;
			sourceTree = "<group>";
		};
		403D820516E1561F13404804 /* Pods */ = {
			isa = PBXGroup;
			children = (
				43E840A0D904850AAA2F1689 /* Pods-YXBaseProject.debug.xcconfig */,
				5A17C9F72ACA091BED9C5D0C /* Pods-YXBaseProject.release.xcconfig */,
			);
			path = Pods;
			sourceTree = "<group>";
		};
		A6BDEDF4229EA60D002CD7F7 /* Classes */ = {
			isa = PBXGroup;
			children = (
				A6BDEE88229F6FD2002CD7F7 /* BaseViewController.h */,
				A6BDEE7F229F6FD1002CD7F7 /* BaseViewController.m */,
				A6BDEE74229F6FD1002CD7F7 /* Category */,
				A6BDEE7A229F6FD1002CD7F7 /* Common */,
				A6BDEE86229F6FD1002CD7F7 /* NavigationViewController.h */,
				A6BDEE89229F6FD2002CD7F7 /* NavigationViewController.m */,
				A6BDEE81229F6FD1002CD7F7 /* YXBaseDetailViewController.h */,
				A6BDEE87229F6FD2002CD7F7 /* YXBaseDetailViewController.m */,
				A6BDEE8A229F6FD2002CD7F7 /* YXBaseModel.h */,
				A6BDEE84229F6FD1002CD7F7 /* YXBaseModel.m */,
				A6BDEE78229F6FD1002CD7F7 /* YXBaseTableViewController.h */,
				A6BDEE82229F6FD1002CD7F7 /* YXBaseTableViewController.m */,
				A6BDEE85229F6FD1002CD7F7 /* YXBaseVC.bundle */,
				A6BDEE83229F6FD1002CD7F7 /* YXBaseVCHeader.h */,
				A6BDEE8B229F6FD2002CD7F7 /* YXWeakScriptMessageDelegate.h */,
				A6BDEE77229F6FD1002CD7F7 /* YXWeakScriptMessageDelegate.m */,
				A6BDEE80229F6FD1002CD7F7 /* YXWebViewController.h */,
				A6BDEE79229F6FD1002CD7F7 /* YXWebViewController.m */,
			);
			name = Classes;
			path = ../../Classes;
			sourceTree = "<group>";
		};
		A6BDEE74229F6FD1002CD7F7 /* Category */ = {
			isa = PBXGroup;
			children = (
				A6BDEE75229F6FD1002CD7F7 /* UIView+Extension.h */,
				A6BDEE76229F6FD1002CD7F7 /* UIView+Extension.m */,
			);
			path = Category;
			sourceTree = "<group>";
		};
		A6BDEE7A229F6FD1002CD7F7 /* Common */ = {
			isa = PBXGroup;
			children = (
				A6BDEE7B229F6FD1002CD7F7 /* MyControl.h */,
				A6BDEE7E229F6FD1002CD7F7 /* MyControl.m */,
			);
			path = Common;
			sourceTree = "<group>";
		};
		A6F22114228BFAEB0099127F = {
			isa = PBXGroup;
			children = (
				A6F2211F228BFAEB0099127F /* YXBaseProject */,
				A6F22138228BFAED0099127F /* YXBaseProjectTests */,
				A6F22143228BFAED0099127F /* YXBaseProjectUITests */,
				A6F2211E228BFAEB0099127F /* Products */,
				403D820516E1561F13404804 /* Pods */,
				203706BE3E6A86DE9A39E606 /* Frameworks */,
			);
			sourceTree = "<group>";
		};
		A6F2211E228BFAEB0099127F /* Products */ = {
			isa = PBXGroup;
			children = (
				A6F2211D228BFAEB0099127F /* YXBaseProject.app */,
				A6F22135228BFAED0099127F /* YXBaseProjectTests.xctest */,
				A6F22140228BFAED0099127F /* YXBaseProjectUITests.xctest */,
			);
			name = Products;
			sourceTree = "<group>";
		};
		A6F2211F228BFAEB0099127F /* YXBaseProject */ = {
			isa = PBXGroup;
			children = (
				A6BDEDF4229EA60D002CD7F7 /* Classes */,
				A6F22120228BFAEB0099127F /* AppDelegate.h */,
				A6F22121228BFAEB0099127F /* AppDelegate.m */,
				A6F22123228BFAEB0099127F /* ViewController.h */,
				A6F22124228BFAEB0099127F /* ViewController.m */,
				A6F22181228C03080099127F /* YXNewWebViewController.h */,
				A6F22182228C03080099127F /* YXNewWebViewController.m */,
				A6F22126228BFAEB0099127F /* Main.storyboard */,
				A6F22129228BFAED0099127F /* Assets.xcassets */,
				A6F2212B228BFAED0099127F /* LaunchScreen.storyboard */,
				A6F2212E228BFAED0099127F /* Info.plist */,
				A6F2212F228BFAED0099127F /* main.m */,
			);
			path = YXBaseProject;
			sourceTree = "<group>";
		};
		A6F22138228BFAED0099127F /* YXBaseProjectTests */ = {
			isa = PBXGroup;
			children = (
				A6F22139228BFAED0099127F /* YXBaseProjectTests.m */,
				A6F2213B228BFAED0099127F /* Info.plist */,
			);
			path = YXBaseProjectTests;
			sourceTree = "<group>";
		};
		A6F22143228BFAED0099127F /* YXBaseProjectUITests */ = {
			isa = PBXGroup;
			children = (
				A6F22144228BFAED0099127F /* YXBaseProjectUITests.m */,
				A6F22146228BFAED0099127F /* Info.plist */,
			);
			path = YXBaseProjectUITests;
			sourceTree = "<group>";
		};
/* End PBXGroup section */

/* Begin PBXNativeTarget section */
		A6F2211C228BFAEB0099127F /* YXBaseProject */ = {
			isa = PBXNativeTarget;
			buildConfigurationList = A6F22149228BFAED0099127F /* Build configuration list for PBXNativeTarget "YXBaseProject" */;
			buildPhases = (
				75F63C63F221668760C50F26 /* [CP] Check Pods Manifest.lock */,
				A6F22119228BFAEB0099127F /* Sources */,
				A6F2211A228BFAEB0099127F /* Frameworks */,
				A6F2211B228BFAEB0099127F /* Resources */,
			);
			buildRules = (
			);
			dependencies = (
			);
			name = YXBaseProject;
			productName = YXBaseProject;
			productReference = A6F2211D228BFAEB0099127F /* YXBaseProject.app */;
			productType = "com.apple.product-type.application";
		};
		A6F22134228BFAED0099127F /* YXBaseProjectTests */ = {
			isa = PBXNativeTarget;
			buildConfigurationList = A6F2214C228BFAED0099127F /* Build configuration list for PBXNativeTarget "YXBaseProjectTests" */;
			buildPhases = (
				A6F22131228BFAED0099127F /* Sources */,
				A6F22132228BFAED0099127F /* Frameworks */,
				A6F22133228BFAED0099127F /* Resources */,
			);
			buildRules = (
			);
			dependencies = (
				A6F22137228BFAED0099127F /* PBXTargetDependency */,
			);
			name = YXBaseProjectTests;
			productName = YXBaseProjectTests;
			productReference = A6F22135228BFAED0099127F /* YXBaseProjectTests.xctest */;
			productType = "com.apple.product-type.bundle.unit-test";
		};
		A6F2213F228BFAED0099127F /* YXBaseProjectUITests */ = {
			isa = PBXNativeTarget;
			buildConfigurationList = A6F2214F228BFAED0099127F /* Build configuration list for PBXNativeTarget "YXBaseProjectUITests" */;
			buildPhases = (
				A6F2213C228BFAED0099127F /* Sources */,
				A6F2213D228BFAED0099127F /* Frameworks */,
				A6F2213E228BFAED0099127F /* Resources */,
			);
			buildRules = (
			);
			dependencies = (
				A6F22142228BFAED0099127F /* PBXTargetDependency */,
			);
			name = YXBaseProjectUITests;
			productName = YXBaseProjectUITests;
			productReference = A6F22140228BFAED0099127F /* YXBaseProjectUITests.xctest */;
			productType = "com.apple.product-type.bundle.ui-testing";
		};
/* End PBXNativeTarget section */

/* Begin PBXProject section */
		A6F22115228BFAEB0099127F /* Project object */ = {
			isa = PBXProject;
			attributes = {
				LastUpgradeCheck = 1020;
				ORGANIZATIONNAME = Tao_Lee;
				TargetAttributes = {
					A6F2211C228BFAEB0099127F = {
						CreatedOnToolsVersion = 10.2;
					};
					A6F22134228BFAED0099127F = {
						CreatedOnToolsVersion = 10.2;
						TestTargetID = A6F2211C228BFAEB0099127F;
					};
					A6F2213F228BFAED0099127F = {
						CreatedOnToolsVersion = 10.2;
						TestTargetID = A6F2211C228BFAEB0099127F;
					};
				};
			};
			buildConfigurationList = A6F22118228BFAEB0099127F /* Build configuration list for PBXProject "YXBaseProject" */;
			compatibilityVersion = "Xcode 9.3";
			developmentRegion = en;
			hasScannedForEncodings = 0;
			knownRegions = (
				en,
				Base,
			);
			mainGroup = A6F22114228BFAEB0099127F;
			productRefGroup = A6F2211E228BFAEB0099127F /* Products */;
			projectDirPath = "";
			projectRoot = "";
			targets = (
				A6F2211C228BFAEB0099127F /* YXBaseProject */,
				A6F22134228BFAED0099127F /* YXBaseProjectTests */,
				A6F2213F228BFAED0099127F /* YXBaseProjectUITests */,
			);
		};
/* End PBXProject section */

/* Begin PBXResourcesBuildPhase section */
		A6F2211B228BFAEB0099127F /* Resources */ = {
			isa = PBXResourcesBuildPhase;
			buildActionMask = 2147483647;
			files = (
				A6BDEE94229F6FD2002CD7F7 /* YXBaseVC.bundle in Resources */,
				A6F2212D228BFAED0099127F /* LaunchScreen.storyboard in Resources */,
				A6F2212A228BFAED0099127F /* Assets.xcassets in Resources */,
				A6F22128228BFAEB0099127F /* Main.storyboard in Resources */,
			);
			runOnlyForDeploymentPostprocessing = 0;
		};
		A6F22133228BFAED0099127F /* Resources */ = {
			isa = PBXResourcesBuildPhase;
			buildActionMask = 2147483647;
			files = (
			);
			runOnlyForDeploymentPostprocessing = 0;
		};
		A6F2213E228BFAED0099127F /* Resources */ = {
			isa = PBXResourcesBuildPhase;
			buildActionMask = 2147483647;
			files = (
			);
			runOnlyForDeploymentPostprocessing = 0;
		};
/* End PBXResourcesBuildPhase section */

/* Begin PBXShellScriptBuildPhase section */
		75F63C63F221668760C50F26 /* [CP] Check Pods Manifest.lock */ = {
			isa = PBXShellScriptBuildPhase;
			buildActionMask = 2147483647;
			files = (
			);
			inputFileListPaths = (
			);
			inputPaths = (
				"${PODS_PODFILE_DIR_PATH}/Podfile.lock",
				"${PODS_ROOT}/Manifest.lock",
			);
			name = "[CP] Check Pods Manifest.lock";
			outputFileListPaths = (
			);
			outputPaths = (
				"$(DERIVED_FILE_DIR)/Pods-YXBaseProject-checkManifestLockResult.txt",
			);
			runOnlyForDeploymentPostprocessing = 0;
			shellPath = /bin/sh;
			shellScript = "diff \"${PODS_PODFILE_DIR_PATH}/Podfile.lock\" \"${PODS_ROOT}/Manifest.lock\" > /dev/null\nif [ $? != 0 ] ; then\n    # print error to STDERR\n    echo \"error: The sandbox is not in sync with the Podfile.lock. Run 'pod install' or update your CocoaPods installation.\" >&2\n    exit 1\nfi\n# This output is used by Xcode 'outputs' to avoid re-running this script phase.\necho \"SUCCESS\" > \"${SCRIPT_OUTPUT_FILE_0}\"\n";
			showEnvVarsInLog = 0;
		};
/* End PBXShellScriptBuildPhase section */

/* Begin PBXSourcesBuildPhase section */
		A6F22119228BFAEB0099127F /* Sources */ = {
			isa = PBXSourcesBuildPhase;
			buildActionMask = 2147483647;
			files = (
				A6BDEE8C229F6FD2002CD7F7 /* UIView+Extension.m in Sources */,
				A6BDEE93229F6FD2002CD7F7 /* YXBaseModel.m in Sources */,
				A6BDEE96229F6FD2002CD7F7 /* NavigationViewController.m in Sources */,
				A6BDEE92229F6FD2002CD7F7 /* YXBaseTableViewController.m in Sources */,
				A6BDEE91229F6FD2002CD7F7 /* BaseViewController.m in Sources */,
				A6F22125228BFAEB0099127F /* ViewController.m in Sources */,
				A6BDEE95229F6FD2002CD7F7 /* YXBaseDetailViewController.m in Sources */,
				A6BDEE90229F6FD2002CD7F7 /* MyControl.m in Sources */,
				A6BDEE8D229F6FD2002CD7F7 /* YXWeakScriptMessageDelegate.m in Sources */,
				A6F22130228BFAED0099127F /* main.m in Sources */,
				A6F22122228BFAEB0099127F /* AppDelegate.m in Sources */,
				A6F22183228C03080099127F /* YXNewWebViewController.m in Sources */,
				A6BDEE8E229F6FD2002CD7F7 /* YXWebViewController.m in Sources */,
			);
			runOnlyForDeploymentPostprocessing = 0;
		};
		A6F22131228BFAED0099127F /* Sources */ = {
			isa = PBXSourcesBuildPhase;
			buildActionMask = 2147483647;
			files = (
				A6F2213A228BFAED0099127F /* YXBaseProjectTests.m in Sources */,
			);
			runOnlyForDeploymentPostprocessing = 0;
		};
		A6F2213C228BFAED0099127F /* Sources */ = {
			isa = PBXSourcesBuildPhase;
			buildActionMask = 2147483647;
			files = (
				A6F22145228BFAED0099127F /* YXBaseProjectUITests.m in Sources */,
			);
			runOnlyForDeploymentPostprocessing = 0;
		};
/* End PBXSourcesBuildPhase section */

/* Begin PBXTargetDependency section */
		A6F22137228BFAED0099127F /* PBXTargetDependency */ = {
			isa = PBXTargetDependency;
			target = A6F2211C228BFAEB0099127F /* YXBaseProject */;
			targetProxy = A6F22136228BFAED0099127F /* PBXContainerItemProxy */;
		};
		A6F22142228BFAED0099127F /* PBXTargetDependency */ = {
			isa = PBXTargetDependency;
			target = A6F2211C228BFAEB0099127F /* YXBaseProject */;
			targetProxy = A6F22141228BFAED0099127F /* PBXContainerItemProxy */;
		};
/* End PBXTargetDependency section */

/* Begin PBXVariantGroup section */
		A6F22126228BFAEB0099127F /* Main.storyboard */ = {
			isa = PBXVariantGroup;
			children = (
				A6F22127228BFAEB0099127F /* Base */,
			);
			name = Main.storyboard;
			sourceTree = "<group>";
		};
		A6F2212B228BFAED0099127F /* LaunchScreen.storyboard */ = {
			isa = PBXVariantGroup;
			children = (
				A6F2212C228BFAED0099127F /* Base */,
			);
			name = LaunchScreen.storyboard;
			sourceTree = "<group>";
		};
/* End PBXVariantGroup section */

/* Begin XCBuildConfiguration section */
		A6F22147228BFAED0099127F /* Debug */ = {
			isa = XCBuildConfiguration;
			buildSettings = {
				ALWAYS_SEARCH_USER_PATHS = NO;
				CLANG_ANALYZER_NONNULL = YES;
				CLANG_ANALYZER_NUMBER_OBJECT_CONVERSION = YES_AGGRESSIVE;
				CLANG_CXX_LANGUAGE_STANDARD = "gnu++14";
				CLANG_CXX_LIBRARY = "libc++";
				CLANG_ENABLE_MODULES = YES;
				CLANG_ENABLE_OBJC_ARC = YES;
				CLANG_ENABLE_OBJC_WEAK = YES;
				CLANG_WARN_BLOCK_CAPTURE_AUTORELEASING = YES;
				CLANG_WARN_BOOL_CONVERSION = YES;
				CLANG_WARN_COMMA = YES;
				CLANG_WARN_CONSTANT_CONVERSION = YES;
				CLANG_WARN_DEPRECATED_OBJC_IMPLEMENTATIONS = YES;
				CLANG_WARN_DIRECT_OBJC_ISA_USAGE = YES_ERROR;
				CLANG_WARN_DOCUMENTATION_COMMENTS = YES;
				CLANG_WARN_EMPTY_BODY = YES;
				CLANG_WARN_ENUM_CONVERSION = YES;
				CLANG_WARN_INFINITE_RECURSION = YES;
				CLANG_WARN_INT_CONVERSION = YES;
				CLANG_WARN_NON_LITERAL_NULL_CONVERSION = YES;
				CLANG_WARN_OBJC_IMPLICIT_RETAIN_SELF = YES;
				CLANG_WARN_OBJC_LITERAL_CONVERSION = YES;
				CLANG_WARN_OBJC_ROOT_CLASS = YES_ERROR;
				CLANG_WARN_RANGE_LOOP_ANALYSIS = YES;
				CLANG_WARN_STRICT_PROTOTYPES = YES;
				CLANG_WARN_SUSPICIOUS_MOVE = YES;
				CLANG_WARN_UNGUARDED_AVAILABILITY = YES_AGGRESSIVE;
				CLANG_WARN_UNREACHABLE_CODE = YES;
				CLANG_WARN__DUPLICATE_METHOD_MATCH = YES;
				CODE_SIGN_IDENTITY = "iPhone Developer";
				COPY_PHASE_STRIP = NO;
				DEBUG_INFORMATION_FORMAT = dwarf;
				ENABLE_STRICT_OBJC_MSGSEND = YES;
				ENABLE_TESTABILITY = YES;
				GCC_C_LANGUAGE_STANDARD = gnu11;
				GCC_DYNAMIC_NO_PIC = NO;
				GCC_NO_COMMON_BLOCKS = YES;
				GCC_OPTIMIZATION_LEVEL = 0;
				GCC_PREPROCESSOR_DEFINITIONS = (
					"DEBUG=1",
					"$(inherited)",
				);
				GCC_WARN_64_TO_32_BIT_CONVERSION = YES;
				GCC_WARN_ABOUT_RETURN_TYPE = YES_ERROR;
				GCC_WARN_UNDECLARED_SELECTOR = YES;
				GCC_WARN_UNINITIALIZED_AUTOS = YES_AGGRESSIVE;
				GCC_WARN_UNUSED_FUNCTION = YES;
				GCC_WARN_UNUSED_VARIABLE = YES;
				IPHONEOS_DEPLOYMENT_TARGET = 12.2;
				MTL_ENABLE_DEBUG_INFO = INCLUDE_SOURCE;
				MTL_FAST_MATH = YES;
				ONLY_ACTIVE_ARCH = YES;
				SDKROOT = iphoneos;
			};
			name = Debug;
		};
		A6F22148228BFAED0099127F /* Release */ = {
			isa = XCBuildConfiguration;
			buildSettings = {
				ALWAYS_SEARCH_USER_PATHS = NO;
				CLANG_ANALYZER_NONNULL = YES;
				CLANG_ANALYZER_NUMBER_OBJECT_CONVERSION = YES_AGGRESSIVE;
				CLANG_CXX_LANGUAGE_STANDARD = "gnu++14";
				CLANG_CXX_LIBRARY = "libc++";
				CLANG_ENABLE_MODULES = YES;
				CLANG_ENABLE_OBJC_ARC = YES;
				CLANG_ENABLE_OBJC_WEAK = YES;
				CLANG_WARN_BLOCK_CAPTURE_AUTORELEASING = YES;
				CLANG_WARN_BOOL_CONVERSION = YES;
				CLANG_WARN_COMMA = YES;
				CLANG_WARN_CONSTANT_CONVERSION = YES;
				CLANG_WARN_DEPRECATED_OBJC_IMPLEMENTATIONS = YES;
				CLANG_WARN_DIRECT_OBJC_ISA_USAGE = YES_ERROR;
				CLANG_WARN_DOCUMENTATION_COMMENTS = YES;
				CLANG_WARN_EMPTY_BODY = YES;
				CLANG_WARN_ENUM_CONVERSION = YES;
				CLANG_WARN_INFINITE_RECURSION = YES;
				CLANG_WARN_INT_CONVERSION = YES;
				CLANG_WARN_NON_LITERAL_NULL_CONVERSION = YES;
				CLANG_WARN_OBJC_IMPLICIT_RETAIN_SELF = YES;
				CLANG_WARN_OBJC_LITERAL_CONVERSION = YES;
				CLANG_WARN_OBJC_ROOT_CLASS = YES_ERROR;
				CLANG_WARN_RANGE_LOOP_ANALYSIS = YES;
				CLANG_WARN_STRICT_PROTOTYPES = YES;
				CLANG_WARN_SUSPICIOUS_MOVE = YES;
				CLANG_WARN_UNGUARDED_AVAILABILITY = YES_AGGRESSIVE;
				CLANG_WARN_UNREACHABLE_CODE = YES;
				CLANG_WARN__DUPLICATE_METHOD_MATCH = YES;
				CODE_SIGN_IDENTITY = "iPhone Developer";
				COPY_PHASE_STRIP = NO;
				DEBUG_INFORMATION_FORMAT = "dwarf-with-dsym";
				ENABLE_NS_ASSERTIONS = NO;
				ENABLE_STRICT_OBJC_MSGSEND = YES;
				GCC_C_LANGUAGE_STANDARD = gnu11;
				GCC_NO_COMMON_BLOCKS = YES;
				GCC_WARN_64_TO_32_BIT_CONVERSION = YES;
				GCC_WARN_ABOUT_RETURN_TYPE = YES_ERROR;
				GCC_WARN_UNDECLARED_SELECTOR = YES;
				GCC_WARN_UNINITIALIZED_AUTOS = YES_AGGRESSIVE;
				GCC_WARN_UNUSED_FUNCTION = YES;
				GCC_WARN_UNUSED_VARIABLE = YES;
				IPHONEOS_DEPLOYMENT_TARGET = 12.2;
				MTL_ENABLE_DEBUG_INFO = NO;
				MTL_FAST_MATH = YES;
				SDKROOT = iphoneos;
				VALIDATE_PRODUCT = YES;
			};
			name = Release;
		};
		A6F2214A228BFAED0099127F /* Debug */ = {
			isa = XCBuildConfiguration;
			baseConfigurationReference = 43E840A0D904850AAA2F1689 /* Pods-YXBaseProject.debug.xcconfig */;
			buildSettings = {
				ASSETCATALOG_COMPILER_APPICON_NAME = AppIcon;
				CODE_SIGN_STYLE = Automatic;
				DEVELOPMENT_TEAM = HLG59NNZ5H;
				INFOPLIST_FILE = YXBaseProject/Info.plist;
				IPHONEOS_DEPLOYMENT_TARGET = 9.0;
				LD_RUNPATH_SEARCH_PATHS = (
					"$(inherited)",
					"@executable_path/Frameworks",
				);
				PRODUCT_BUNDLE_IDENTIFIER = t.YXBaseProject;
				PRODUCT_NAME = "$(TARGET_NAME)";
				TARGETED_DEVICE_FAMILY = "1,2";
			};
			name = Debug;
		};
		A6F2214B228BFAED0099127F /* Release */ = {
			isa = XCBuildConfiguration;
			baseConfigurationReference = 5A17C9F72ACA091BED9C5D0C /* Pods-YXBaseProject.release.xcconfig */;
			buildSettings = {
				ASSETCATALOG_COMPILER_APPICON_NAME = AppIcon;
				CODE_SIGN_STYLE = Automatic;
				DEVELOPMENT_TEAM = HLG59NNZ5H;
				INFOPLIST_FILE = YXBaseProject/Info.plist;
				IPHONEOS_DEPLOYMENT_TARGET = 9.0;
				LD_RUNPATH_SEARCH_PATHS = (
					"$(inherited)",
					"@executable_path/Frameworks",
				);
				PRODUCT_BUNDLE_IDENTIFIER = t.YXBaseProject;
				PRODUCT_NAME = "$(TARGET_NAME)";
				TARGETED_DEVICE_FAMILY = "1,2";
			};
			name = Release;
		};
		A6F2214D228BFAED0099127F /* Debug */ = {
			isa = XCBuildConfiguration;
			buildSettings = {
				BUNDLE_LOADER = "$(TEST_HOST)";
				CODE_SIGN_STYLE = Automatic;
				DEVELOPMENT_TEAM = HLG59NNZ5H;
				INFOPLIST_FILE = YXBaseProjectTests/Info.plist;
				LD_RUNPATH_SEARCH_PATHS = (
					"$(inherited)",
					"@executable_path/Frameworks",
					"@loader_path/Frameworks",
				);
				PRODUCT_BUNDLE_IDENTIFIER = t.YXBaseProjectTests;
				PRODUCT_NAME = "$(TARGET_NAME)";
				TARGETED_DEVICE_FAMILY = "1,2";
				TEST_HOST = "$(BUILT_PRODUCTS_DIR)/YXBaseProject.app/YXBaseProject";
			};
			name = Debug;
		};
		A6F2214E228BFAED0099127F /* Release */ = {
			isa = XCBuildConfiguration;
			buildSettings = {
				BUNDLE_LOADER = "$(TEST_HOST)";
				CODE_SIGN_STYLE = Automatic;
				DEVELOPMENT_TEAM = HLG59NNZ5H;
				INFOPLIST_FILE = YXBaseProjectTests/Info.plist;
				LD_RUNPATH_SEARCH_PATHS = (
					"$(inherited)",
					"@executable_path/Frameworks",
					"@loader_path/Frameworks",
				);
				PRODUCT_BUNDLE_IDENTIFIER = t.YXBaseProjectTests;
				PRODUCT_NAME = "$(TARGET_NAME)";
				TARGETED_DEVICE_FAMILY = "1,2";
				TEST_HOST = "$(BUILT_PRODUCTS_DIR)/YXBaseProject.app/YXBaseProject";
			};
			name = Release;
		};
		A6F22150228BFAED0099127F /* Debug */ = {
			isa = XCBuildConfiguration;
			buildSettings = {
				CODE_SIGN_STYLE = Automatic;
				DEVELOPMENT_TEAM = HLG59NNZ5H;
				INFOPLIST_FILE = YXBaseProjectUITests/Info.plist;
				LD_RUNPATH_SEARCH_PATHS = (
					"$(inherited)",
					"@executable_path/Frameworks",
					"@loader_path/Frameworks",
				);
				PRODUCT_BUNDLE_IDENTIFIER = t.YXBaseProjectUITests;
				PRODUCT_NAME = "$(TARGET_NAME)";
				TARGETED_DEVICE_FAMILY = "1,2";
				TEST_TARGET_NAME = YXBaseProject;
			};
			name = Debug;
		};
		A6F22151228BFAED0099127F /* Release */ = {
			isa = XCBuildConfiguration;
			buildSettings = {
				CODE_SIGN_STYLE = Automatic;
				DEVELOPMENT_TEAM = HLG59NNZ5H;
				INFOPLIST_FILE = YXBaseProjectUITests/Info.plist;
				LD_RUNPATH_SEARCH_PATHS = (
					"$(inherited)",
					"@executable_path/Frameworks",
					"@loader_path/Frameworks",
				);
				PRODUCT_BUNDLE_IDENTIFIER = t.YXBaseProjectUITests;
				PRODUCT_NAME = "$(TARGET_NAME)";
				TARGETED_DEVICE_FAMILY = "1,2";
				TEST_TARGET_NAME = YXBaseProject;
			};
			name = Release;
		};
/* End XCBuildConfiguration section */

/* Begin XCConfigurationList section */
		A6F22118228BFAEB0099127F /* Build configuration list for PBXProject "YXBaseProject" */ = {
			isa = XCConfigurationList;
			buildConfigurations = (
				A6F22147228BFAED0099127F /* Debug */,
				A6F22148228BFAED0099127F /* Release */,
			);
			defaultConfigurationIsVisible = 0;
			defaultConfigurationName = Release;
		};
		A6F22149228BFAED0099127F /* Build configuration list for PBXNativeTarget "YXBaseProject" */ = {
			isa = XCConfigurationList;
			buildConfigurations = (
				A6F2214A228BFAED0099127F /* Debug */,
				A6F2214B228BFAED0099127F /* Release */,
			);
			defaultConfigurationIsVisible = 0;
			defaultConfigurationName = Release;
		};
		A6F2214C228BFAED0099127F /* Build configuration list for PBXNativeTarget "YXBaseProjectTests" */ = {
			isa = XCConfigurationList;
			buildConfigurations = (
				A6F2214D228BFAED0099127F /* Debug */,
				A6F2214E228BFAED0099127F /* Release */,
			);
			defaultConfigurationIsVisible = 0;
			defaultConfigurationName = Release;
		};
		A6F2214F228BFAED0099127F /* Build configuration list for PBXNativeTarget "YXBaseProjectUITests" */ = {
			isa = XCConfigurationList;
			buildConfigurations = (
				A6F22150228BFAED0099127F /* Debug */,
				A6F22151228BFAED0099127F /* Release */,
			);
			defaultConfigurationIsVisible = 0;
			defaultConfigurationName = Release;
		};
/* End XCConfigurationList section */
	};
	rootObject = A6F22115228BFAEB0099127F /* Project object */;
}
